
Microsoft Visual Studio Solution File, Format Version 12.00
# Visual Studio Version 16
VisualStudioVersion = 16.0.30711.63
MinimumVisualStudioVersion = 10.0.40219.1
Project("{9A19103F-16F7-4668-BE54-9A1E7A4F7556}") = "NotasIdentity", "NotasIdentity.csproj", "{5E88744B-EDD7-4939-A751-A54448DBB66B}"
EndProject
Global
	GlobalSection(SolutionConfigurationPlatforms) = preSolution
		Debug|Any CPU = Debug|Any CPU
		Release|Any CPU = Release|Any CPU
	EndGlobalSection
	GlobalSection(ProjectConfigurationPlatforms) = postSolution
		{5E88744B-EDD7-4939-A751-A54448DBB66B}.Debug|Any CPU.ActiveCfg = Debug|Any CPU
		{5E88744B-EDD7-4939-A751-A54448DBB66B}.Debug|Any CPU.Build.0 = Debug|Any CPU
		{5E88744B-EDD7-4939-A751-A54448DBB66B}.Release|Any CPU.ActiveCfg = Release|Any CPU
		{5E88744B-EDD7-4939-A751-A54448DBB66B}.Release|Any CPU.Build.0 = Release|Any CPU
	EndGlobalSection
	GlobalSection(SolutionProperties) = preSolution
		HideSolutionNode = FALSE
	EndGlobalSection
	GlobalSection(ExtensibilityGlobals) = postSolution
		SolutionGuid = {B4B3AC40-2396-4F77-BAF6-45BA823D2110}
	EndGlobalSection
EndGlobal
